
Microsoft Visual Studio Solution File, Format Version 12.00
# Visual Studio Version 17
VisualStudioVersion = 17.10.35013.160
MinimumVisualStudioVersion = 10.0.40219.1
Project("{8BC9CEB8-8B4A-11D0-8D11-00A0C91BC942}") = "home-2-8-1", "home-2-8-1\home-2-8-1.vcxproj", "{DFC222FA-C49E-4229-BF1C-0B68D54C13B3}"
EndProject
Global
	GlobalSection(SolutionConfigurationPlatforms) = preSolution
		Debug|x64 = Debug|x64
		Debug|x86 = Debug|x86
		Release|x64 = Release|x64
		Release|x86 = Release|x86
	EndGlobalSection
	GlobalSection(ProjectConfigurationPlatforms) = postSolution
		{DFC222FA-C49E-4229-BF1C-0B68D54C13B3}.Debug|x64.ActiveCfg = Debug|x64
		{DFC222FA-C49E-4229-BF1C-0B68D54C13B3}.Debug|x64.Build.0 = Debug|x64
		{DFC222FA-C49E-4229-BF1C-0B68D54C13B3}.Debug|x86.ActiveCfg = Debug|Win32
		{DFC222FA-C49E-4229-BF1C-0B68D54C13B3}.Debug|x86.Build.0 = Debug|Win32
		{DFC222FA-C49E-4229-BF1C-0B68D54C13B3}.Release|x64.ActiveCfg = Release|x64
		{DFC222FA-C49E-4229-BF1C-0B68D54C13B3}.Release|x64.Build.0 = Release|x64
		{DFC222FA-C49E-4229-BF1C-0B68D54C13B3}.Release|x86.ActiveCfg = Release|Win32
		{DFC222FA-C49E-4229-BF1C-0B68D54C13B3}.Release|x86.Build.0 = Release|Win32
	EndGlobalSection
	GlobalSection(SolutionProperties) = preSolution
		HideSolutionNode = FALSE
	EndGlobalSection
	GlobalSection(ExtensibilityGlobals) = postSolution
		SolutionGuid = {CED5D935-86C5-406A-B25C-8D4ECDFF94FE}
	EndGlobalSection
EndGlobal
